
Microsoft Visual Studio Solution File, Format Version 12.00
# Visual Studio Version 16
VisualStudioVersion = 16.0.29519.181
MinimumVisualStudioVersion = 10.0.40219.1
Project("{FAE04EC0-301F-11D3-BF4B-00C04F79EFBC}") = "Book", "Book.csproj", "{6546BDF0-EA70-4ABE-B6C3-D814B75B6639}"
EndProject
Global
	GlobalSection(SolutionConfigurationPlatforms) = preSolution
		Debug|Any CPU = Debug|Any CPU
		Release|Any CPU = Release|Any CPU
	EndGlobalSection
	GlobalSection(ProjectConfigurationPlatforms) = postSolution
		{6546BDF0-EA70-4ABE-B6C3-D814B75B6639}.Debug|Any CPU.ActiveCfg = Debug|Any CPU
		{6546BDF0-EA70-4ABE-B6C3-D814B75B6639}.Debug|Any CPU.Build.0 = Debug|Any CPU
		{6546BDF0-EA70-4ABE-B6C3-D814B75B6639}.Release|Any CPU.ActiveCfg = Release|Any CPU
		{6546BDF0-EA70-4ABE-B6C3-D814B75B6639}.Release|Any CPU.Build.0 = Release|Any CPU
	EndGlobalSection
	GlobalSection(SolutionProperties) = preSolution
		HideSolutionNode = FALSE
	EndGlobalSection
	GlobalSection(ExtensibilityGlobals) = postSolution
		SolutionGuid = {3358F321-2873-45E6-AA03-5C64898E4E1F}
	EndGlobalSection
EndGlobal
